
Microsoft Visual Studio Solution File, Format Version 12.00
# Visual Studio 15
VisualStudioVersion = 15.0.28010.2036
MinimumVisualStudioVersion = 10.0.40219.1
Project("{FAE04EC0-301F-11D3-BF4B-00C04F79EFBC}") = "GPS", "GPS\GPS.csproj", "{F6114C82-F55A-4C28-BE06-570011F5624D}"
EndProject
Project("{FAE04EC0-301F-11D3-BF4B-00C04F79EFBC}") = "GPS.Tests", "GPS.Tests\GPS.Tests.csproj", "{B78CE0A0-BC44-447C-A17C-DA1B32AC6CE3}"
EndProject
Global
	GlobalSection(SolutionConfigurationPlatforms) = preSolution
		Debug|Any CPU = Debug|Any CPU
		Release|Any CPU = Release|Any CPU
	EndGlobalSection
	GlobalSection(ProjectConfigurationPlatforms) = postSolution
		{F6114C82-F55A-4C28-BE06-570011F5624D}.Debug|Any CPU.ActiveCfg = Debug|Any CPU
		{F6114C82-F55A-4C28-BE06-570011F5624D}.Debug|Any CPU.Build.0 = Debug|Any CPU
		{F6114C82-F55A-4C28-BE06-570011F5624D}.Release|Any CPU.ActiveCfg = Release|Any CPU
		{F6114C82-F55A-4C28-BE06-570011F5624D}.Release|Any CPU.Build.0 = Release|Any CPU
		{B78CE0A0-BC44-447C-A17C-DA1B32AC6CE3}.Debug|Any CPU.ActiveCfg = Debug|Any CPU
		{B78CE0A0-BC44-447C-A17C-DA1B32AC6CE3}.Debug|Any CPU.Build.0 = Debug|Any CPU
		{B78CE0A0-BC44-447C-A17C-DA1B32AC6CE3}.Release|Any CPU.ActiveCfg = Release|Any CPU
		{B78CE0A0-BC44-447C-A17C-DA1B32AC6CE3}.Release|Any CPU.Build.0 = Release|Any CPU
	EndGlobalSection
	GlobalSection(SolutionProperties) = preSolution
		HideSolutionNode = FALSE
	EndGlobalSection
	GlobalSection(ExtensibilityGlobals) = postSolution
		SolutionGuid = {AD962161-2297-42C9-87EB-3A8E45C1DB48}
	EndGlobalSection
EndGlobal
