
Microsoft Visual Studio Solution File, Format Version 12.00
# Visual Studio 15
VisualStudioVersion = 15.0.28010.2036
MinimumVisualStudioVersion = 10.0.40219.1
Project("{FAE04EC0-301F-11D3-BF4B-00C04F79EFBC}") = "wsgps", "wsgps\wsgps.csproj", "{9C279F96-1868-441D-A333-5001D263EE4A}"
EndProject
Global
	GlobalSection(SolutionConfigurationPlatforms) = preSolution
		Debug|Any CPU = Debug|Any CPU
		Release|Any CPU = Release|Any CPU
	EndGlobalSection
	GlobalSection(ProjectConfigurationPlatforms) = postSolution
		{9C279F96-1868-441D-A333-5001D263EE4A}.Debug|Any CPU.ActiveCfg = Debug|Any CPU
		{9C279F96-1868-441D-A333-5001D263EE4A}.Debug|Any CPU.Build.0 = Debug|Any CPU
		{9C279F96-1868-441D-A333-5001D263EE4A}.Release|Any CPU.ActiveCfg = Release|Any CPU
		{9C279F96-1868-441D-A333-5001D263EE4A}.Release|Any CPU.Build.0 = Release|Any CPU
	EndGlobalSection
	GlobalSection(SolutionProperties) = preSolution
		HideSolutionNode = FALSE
	EndGlobalSection
	GlobalSection(ExtensibilityGlobals) = postSolution
		SolutionGuid = {A9AE1AD9-054A-434D-A3DD-1F3D4D8A20C0}
	EndGlobalSection
EndGlobal
